
Microsoft Visual Studio Solution File, Format Version 12.00
# Visual Studio Version 17
VisualStudioVersion = 17.5.33502.453
MinimumVisualStudioVersion = 10.0.40219.1
Project("{FAE04EC0-301F-11D3-BF4B-00C04F79EFBC}") = "Week3Assessment", "Week3Assessment.csproj", "{109E15F1-5987-41AC-A1F5-E2DA7744DD0F}"
EndProject
Global
	GlobalSection(SolutionConfigurationPlatforms) = preSolution
		Debug|Any CPU = Debug|Any CPU
		Release|Any CPU = Release|Any CPU
	EndGlobalSection
	GlobalSection(ProjectConfigurationPlatforms) = postSolution
		{109E15F1-5987-41AC-A1F5-E2DA7744DD0F}.Debug|Any CPU.ActiveCfg = Debug|Any CPU
		{109E15F1-5987-41AC-A1F5-E2DA7744DD0F}.Debug|Any CPU.Build.0 = Debug|Any CPU
		{109E15F1-5987-41AC-A1F5-E2DA7744DD0F}.Release|Any CPU.ActiveCfg = Release|Any CPU
		{109E15F1-5987-41AC-A1F5-E2DA7744DD0F}.Release|Any CPU.Build.0 = Release|Any CPU
	EndGlobalSection
	GlobalSection(SolutionProperties) = preSolution
		HideSolutionNode = FALSE
	EndGlobalSection
	GlobalSection(ExtensibilityGlobals) = postSolution
		SolutionGuid = {75540FFB-4260-450C-8326-764A95362A3D}
	EndGlobalSection
EndGlobal
